{
    "name": "npm-private-registry-scoped-config",
    "lockfileVersion": 3,
    "requires": true,
    "packages": {
        "": {
            "dependencies": {
                "@mycompany/lodash": "^4.17.1"
            }
        },
        "node_modules/@mycompany/lodash": {
            "version": "4.17.1",
            "resolved": "https://jfrogghdemo.jfrog.io/artifactory/api/npm/dpndbt-pvt-repo-npm-key/@mycompany/lodash/-/@mycompany/lodash-4.17.1.tgz",
            "integrity": "sha512-IXJKp79zJUQDIfEFQJsGN2UqkZdC5xk6Me3MP78nACQ8rtOS89mj0kvGEdGqw42PpRF3WTSrQzxrcs4yFN+Tzg=="
        }
    }
}
